
Microsoft Visual Studio Solution File, Format Version 12.00
# Visual Studio Version 17
VisualStudioVersion = 17.3.32811.315
MinimumVisualStudioVersion = 10.0.40219.1
Project("{9A19103F-16F7-4668-BE54-9A1E7A4F7556}") = "Domain", "Domain\Domain.csproj", "{E06EF65D-C771-4639-9BF5-AF50C99DEEA8}"
EndProject
Project("{2150E333-8FDC-42A3-9474-1A3956D46DE8}") = "Core", "Core", "{CCEEA182-C7C0-4E9D-809A-7AA75F140A74}"
EndProject
Project("{9A19103F-16F7-4668-BE54-9A1E7A4F7556}") = "Application", "Application\Application.csproj", "{2A632BFD-0C22-40D2-9E52-2742520A42C8}"
EndProject
Project("{FAE04EC0-301F-11D3-BF4B-00C04F79EFBC}") = "Application.Tests", "Application.Tests\Application.Tests.csproj", "{CBCA3725-B05D-464D-A085-5B2F84413F17}"
EndProject
Project("{FAE04EC0-301F-11D3-BF4B-00C04F79EFBC}") = "InfrastructureWithEFRegistration.cs", "InfrastructureWithEFRegistration.cs\InfrastructureWithEFRegistration.cs.csproj", "{C122FB52-005C-483A-AA31-589E3D816565}"
EndProject
Global
	GlobalSection(SolutionConfigurationPlatforms) = preSolution
		Debug|Any CPU = Debug|Any CPU
		Release|Any CPU = Release|Any CPU
	EndGlobalSection
	GlobalSection(ProjectConfigurationPlatforms) = postSolution
		{E06EF65D-C771-4639-9BF5-AF50C99DEEA8}.Debug|Any CPU.ActiveCfg = Debug|Any CPU
		{E06EF65D-C771-4639-9BF5-AF50C99DEEA8}.Debug|Any CPU.Build.0 = Debug|Any CPU
		{E06EF65D-C771-4639-9BF5-AF50C99DEEA8}.Release|Any CPU.ActiveCfg = Release|Any CPU
		{E06EF65D-C771-4639-9BF5-AF50C99DEEA8}.Release|Any CPU.Build.0 = Release|Any CPU
		{2A632BFD-0C22-40D2-9E52-2742520A42C8}.Debug|Any CPU.ActiveCfg = Debug|Any CPU
		{2A632BFD-0C22-40D2-9E52-2742520A42C8}.Debug|Any CPU.Build.0 = Debug|Any CPU
		{2A632BFD-0C22-40D2-9E52-2742520A42C8}.Release|Any CPU.ActiveCfg = Release|Any CPU
		{2A632BFD-0C22-40D2-9E52-2742520A42C8}.Release|Any CPU.Build.0 = Release|Any CPU
		{CBCA3725-B05D-464D-A085-5B2F84413F17}.Debug|Any CPU.ActiveCfg = Debug|Any CPU
		{CBCA3725-B05D-464D-A085-5B2F84413F17}.Debug|Any CPU.Build.0 = Debug|Any CPU
		{CBCA3725-B05D-464D-A085-5B2F84413F17}.Release|Any CPU.ActiveCfg = Release|Any CPU
		{CBCA3725-B05D-464D-A085-5B2F84413F17}.Release|Any CPU.Build.0 = Release|Any CPU
		{C122FB52-005C-483A-AA31-589E3D816565}.Debug|Any CPU.ActiveCfg = Debug|Any CPU
		{C122FB52-005C-483A-AA31-589E3D816565}.Debug|Any CPU.Build.0 = Debug|Any CPU
		{C122FB52-005C-483A-AA31-589E3D816565}.Release|Any CPU.ActiveCfg = Release|Any CPU
		{C122FB52-005C-483A-AA31-589E3D816565}.Release|Any CPU.Build.0 = Release|Any CPU
	EndGlobalSection
	GlobalSection(SolutionProperties) = preSolution
		HideSolutionNode = FALSE
	EndGlobalSection
	GlobalSection(NestedProjects) = preSolution
		{E06EF65D-C771-4639-9BF5-AF50C99DEEA8} = {CCEEA182-C7C0-4E9D-809A-7AA75F140A74}
		{2A632BFD-0C22-40D2-9E52-2742520A42C8} = {CCEEA182-C7C0-4E9D-809A-7AA75F140A74}
		{CBCA3725-B05D-464D-A085-5B2F84413F17} = {CCEEA182-C7C0-4E9D-809A-7AA75F140A74}
		{C122FB52-005C-483A-AA31-589E3D816565} = {CCEEA182-C7C0-4E9D-809A-7AA75F140A74}
	EndGlobalSection
	GlobalSection(ExtensibilityGlobals) = postSolution
		SolutionGuid = {F9CA732C-D0A9-4A53-AC23-A2EAC0D9CC26}
	EndGlobalSection
EndGlobal
